// !$*UTF8*$!
{
	archiveVersion = 1;
	classes = {
	};
	objectVersion = 46;
	objects = {

/* Begin PBXBuildFile section */
		5BF5A2971C50598B005C903D /* AppDelegate.swift in Sources */ = {isa = PBXBuildFile; fileRef = 5BF5A2961C50598B005C903D /* AppDelegate.swift */; };
		5BF5A2991C50598B005C903D /* ViewController.swift in Sources */ = {isa = PBXBuildFile; fileRef = 5BF5A2981C50598B005C903D /* ViewController.swift */; };
		5BF5A29C1C50598B005C903D /* Main.storyboard in Resources */ = {isa = PBXBuildFile; fileRef = 5BF5A29A1C50598B005C903D /* Main.storyboard */; };
		5BF5A29E1C50598B005C903D /* Assets.xcassets in Resources */ = {isa = PBXBuildFile; fileRef = 5BF5A29D1C50598B005C903D /* Assets.xcassets */; };
		5BF5A2A11C50598B005C903D /* LaunchScreen.storyboard in Resources */ = {isa = PBXBuildFile; fileRef = 5BF5A29F1C50598B005C903D /* LaunchScreen.storyboard */; };
/* End PBXBuildFile section */

/* Begin PBXFileReference section */
		5BF5A2931C50598B005C903D /* KCvsSTL.app */ = {isa = PBXFileReference; explicitFileType = wrapper.application; includeInIndex = 0; path = KCvsSTL.app; sourceTree = BUILT_PRODUCTS_DIR; };
		5BF5A2961C50598B005C903D /* AppDelegate.swift */ = {isa = PBXFileReference; lastKnownFileType = sourcecode.swift; path = AppDelegate.swift; sourceTree = "<group>"; };
		5BF5A2981C50598B005C903D /* ViewController.swift */ = {isa = PBXFileReference; lastKnownFileType = sourcecode.swift; path = ViewController.swift; sourceTree = "<group>"; };
		5BF5A29B1C50598B005C903D /* Base */ = {isa = PBXFileReference; lastKnownFileType = file.storyboard; name = Base; path = Base.lproj/Main.storyboard; sourceTree = "<group>"; };
		5BF5A29D1C50598B005C903D /* Assets.xcassets */ = {isa = PBXFileReference; lastKnownFileType = folder.assetcatalog; path = Assets.xcassets; sourceTree = "<group>"; };
		5BF5A2A01C50598B005C903D /* Base */ = {isa = PBXFileReference; lastKnownFileType = file.storyboard; name = Base; path = Base.lproj/LaunchScreen.storyboard; sourceTree = "<group>"; };
		5BF5A2A21C50598B005C903D /* Info.plist */ = {isa = PBXFileReference; lastKnownFileType = text.plist.xml; path = Info.plist; sourceTree = "<group>"; };
/* End PBXFileReference section */

/* Begin PBXFrameworksBuildPhase section */
		5BF5A2901C50598B005C903D /* Frameworks */ = {
			isa = PBXFrameworksBuildPhase;
			buildActionMask = 2147483647;
			files = (
			);
			runOnlyForDeploymentPostprocessing = 0;
		};
/* End PBXFrameworksBuildPhase section */

/* Begin PBXGroup section */
		5BF5A28A1C50598B005C903D = {
			isa = PBXGroup;
			children = (
				5BF5A2951C50598B005C903D /* KCvsSTL */,
				5BF5A2941C50598B005C903D /* Products */,
			);
			sourceTree = "<group>";
		};
		5BF5A2941C50598B005C903D /* Products */ = {
			isa = PBXGroup;
			children = (
				5BF5A2931C50598B005C903D /* KCvsSTL.app */,
			);
			name = Products;
			sourceTree = "<group>";
		};
		5BF5A2951C50598B005C903D /* KCvsSTL */ = {
			isa = PBXGroup;
			children = (
				5BF5A2961C50598B005C903D /* AppDelegate.swift */,
				5BF5A2981C50598B005C903D /* ViewController.swift */,
				5BF5A29A1C50598B005C903D /* Main.storyboard */,
				5BF5A29D1C50598B005C903D /* Assets.xcassets */,
				5BF5A29F1C50598B005C903D /* LaunchScreen.storyboard */,
				5BF5A2A21C50598B005C903D /* Info.plist */,
			);
			path = KCvsSTL;
			sourceTree = "<group>";
		};
/* End PBXGroup section */

/* Begin PBXNativeTarget section */
		5BF5A2921C50598B005C903D /* KCvsSTL */ = {
			isa = PBXNativeTarget;
			buildConfigurationList = 5BF5A2A51C50598B005C903D /* Build configuration list for PBXNativeTarget "KCvsSTL" */;
			buildPhases = (
				5BF5A28F1C50598B005C903D /* Sources */,
				5BF5A2901C50598B005C903D /* Frameworks */,
				5BF5A2911C50598B005C903D /* Resources */,
			);
			buildRules = (
			);
			dependencies = (
			);
			name = KCvsSTL;
			productName = KCvsSTL;
			productReference = 5BF5A2931C50598B005C903D /* KCvsSTL.app */;
			productType = "com.apple.product-type.application";
		};
/* End PBXNativeTarget section */

/* Begin PBXProject section */
		5BF5A28B1C50598B005C903D /* Project object */ = {
			isa = PBXProject;
			attributes = {
				LastSwiftUpdateCheck = 0730;
				LastUpgradeCheck = 0730;
				ORGANIZATIONNAME = "Oscar Niebla Fuentes";
				TargetAttributes = {
					5BF5A2921C50598B005C903D = {
						CreatedOnToolsVersion = 7.3;
					};
				};
			};
			buildConfigurationList = 5BF5A28E1C50598B005C903D /* Build configuration list for PBXProject "KCvsSTL" */;
			compatibilityVersion = "Xcode 3.2";
			developmentRegion = English;
			hasScannedForEncodings = 0;
			knownRegions = (
				en,
				Base,
			);
			mainGroup = 5BF5A28A1C50598B005C903D;
			productRefGroup = 5BF5A2941C50598B005C903D /* Products */;
			projectDirPath = "";
			projectRoot = "";
			targets = (
				5BF5A2921C50598B005C903D /* KCvsSTL */,
			);
		};
/* End PBXProject section */

/* Begin PBXResourcesBuildPhase section */
		5BF5A2911C50598B005C903D /* Resources */ = {
			isa = PBXResourcesBuildPhase;
			buildActionMask = 2147483647;
			files = (
				5BF5A2A11C50598B005C903D /* LaunchScreen.storyboard in Resources */,
				5BF5A29E1C50598B005C903D /* Assets.xcassets in Resources */,
				5BF5A29C1C50598B005C903D /* Main.storyboard in Resources */,
			);
			runOnlyForDeploymentPostprocessing = 0;
		};
/* End PBXResourcesBuildPhase section */

/* Begin PBXSourcesBuildPhase section */
		5BF5A28F1C50598B005C903D /* Sources */ = {
			isa = PBXSourcesBuildPhase;
			buildActionMask = 2147483647;
			files = (
				5BF5A2991C50598B005C903D /* ViewController.swift in Sources */,
				5BF5A2971C50598B005C903D /* AppDelegate.swift in Sources */,
			);
			runOnlyForDeploymentPostprocessing = 0;
		};
/* End PBXSourcesBuildPhase section */

/* Begin PBXVariantGroup section */
		5BF5A29A1C50598B005C903D /* Main.storyboard */ = {
			isa = PBXVariantGroup;
			children = (
				5BF5A29B1C50598B005C903D /* Base */,
			);
			name = Main.storyboard;
			sourceTree = "<group>";
		};
		5BF5A29F1C50598B005C903D /* LaunchScreen.storyboard */ = {
			isa = PBXVariantGroup;
			children = (
				5BF5A2A01C50598B005C903D /* Base */,
			);
			name = LaunchScreen.storyboard;
			sourceTree = "<group>";
		};
/* End PBXVariantGroup section */

/* Begin XCBuildConfiguration section */
		5BF5A2A31C50598B005C903D /* Debug */ = {
			isa = XCBuildConfiguration;
			buildSettings = {
				ALWAYS_SEARCH_USER_PATHS = NO;
				CLANG_CXX_LANGUAGE_STANDARD = "gnu++0x";
				CLANG_CXX_LIBRARY = "libc++";
				CLANG_ENABLE_MODULES = YES;
				CLANG_ENABLE_OBJC_ARC = YES;
				CLANG_WARN_BOOL_CONVERSION = YES;
				CLANG_WARN_CONSTANT_CONVERSION = YES;
				CLANG_WARN_DIRECT_OBJC_ISA_USAGE = YES_ERROR;
				CLANG_WARN_EMPTY_BODY = YES;
				CLANG_WARN_ENUM_CONVERSION = YES;
				CLANG_WARN_INT_CONVERSION = YES;
				CLANG_WARN_OBJC_ROOT_CLASS = YES_ERROR;
				CLANG_WARN_UNREACHABLE_CODE = YES;
				CLANG_WARN__DUPLICATE_METHOD_MATCH = YES;
				"CODE_SIGN_IDENTITY[sdk=iphoneos*]" = "iPhone Developer";
				COPY_PHASE_STRIP = NO;
				DEBUG_INFORMATION_FORMAT = dwarf;
				ENABLE_STRICT_OBJC_MSGSEND = YES;
				ENABLE_TESTABILITY = YES;
				GCC_C_LANGUAGE_STANDARD = gnu99;
				GCC_DYNAMIC_NO_PIC = NO;
				GCC_NO_COMMON_BLOCKS = YES;
				GCC_OPTIMIZATION_LEVEL = 0;
				GCC_PREPROCESSOR_DEFINITIONS = (
					"DEBUG=1",
					"$(inherited)",
				);
				GCC_WARN_64_TO_32_BIT_CONVERSION = YES;
				GCC_WARN_ABOUT_RETURN_TYPE = YES_ERROR;
				GCC_WARN_UNDECLARED_SELECTOR = YES;
				GCC_WARN_UNINITIALIZED_AUTOS = YES_AGGRESSIVE;
				GCC_WARN_UNUSED_FUNCTION = YES;
				GCC_WARN_UNUSED_VARIABLE = YES;
				IPHONEOS_DEPLOYMENT_TARGET = 9.3;
				MTL_ENABLE_DEBUG_INFO = YES;
				ONLY_ACTIVE_ARCH = YES;
				SDKROOT = iphoneos;
				SWIFT_OPTIMIZATION_LEVEL = "-Onone";
				TARGETED_DEVICE_FAMILY = "1,2";
			};
			name = Debug;
		};
		5BF5A2A41C50598B005C903D /* Release */ = {
			isa = XCBuildConfiguration;
			buildSettings = {
				ALWAYS_SEARCH_USER_PATHS = NO;
				CLANG_CXX_LANGUAGE_STANDARD = "gnu++0x";
				CLANG_CXX_LIBRARY = "libc++";
				CLANG_ENABLE_MODULES = YES;
				CLANG_ENABLE_OBJC_ARC = YES;
				CLANG_WARN_BOOL_CONVERSION = YES;
				CLANG_WARN_CONSTANT_CONVERSION = YES;
				CLANG_WARN_DIRECT_OBJC_ISA_USAGE = YES_ERROR;
				CLANG_WARN_EMPTY_BODY = YES;
				CLANG_WARN_ENUM_CONVERSION = YES;
				CLANG_WARN_INT_CONVERSION = YES;
				CLANG_WARN_OBJC_ROOT_CLASS = YES_ERROR;
				CLANG_WARN_UNREACHABLE_CODE = YES;
				CLANG_WARN__DUPLICATE_METHOD_MATCH = YES;
				"CODE_SIGN_IDENTITY[sdk=iphoneos*]" = "iPhone Developer";
				COPY_PHASE_STRIP = NO;
				DEBUG_INFORMATION_FORMAT = "dwarf-with-dsym";
				ENABLE_NS_ASSERTIONS = NO;
				ENABLE_STRICT_OBJC_MSGSEND = YES;
				GCC_C_LANGUAGE_STANDARD = gnu99;
				GCC_NO_COMMON_BLOCKS = YES;
				GCC_WARN_64_TO_32_BIT_CONVERSION = YES;
				GCC_WARN_ABOUT_RETURN_TYPE = YES_ERROR;
				GCC_WARN_UNDECLARED_SELECTOR = YES;
				GCC_WARN_UNINITIALIZED_AUTOS = YES_AGGRESSIVE;
				GCC_WARN_UNUSED_FUNCTION = YES;
				GCC_WARN_UNUSED_VARIABLE = YES;
				IPHONEOS_DEPLOYMENT_TARGET = 9.3;
				MTL_ENABLE_DEBUG_INFO = NO;
				SDKROOT = iphoneos;
				TARGETED_DEVICE_FAMILY = "1,2";
				VALIDATE_PRODUCT = YES;
			};
			name = Release;
		};
		5BF5A2A61C50598B005C903D /* Debug */ = {
			isa = XCBuildConfiguration;
			buildSettings = {
				ASSETCATALOG_COMPILER_APPICON_NAME = AppIcon;
				INFOPLIST_FILE = KCvsSTL/Info.plist;
				LD_RUNPATH_SEARCH_PATHS = "$(inherited) @executable_path/Frameworks";
				PRODUCT_BUNDLE_IDENTIFIER = com.OscarNieblaFuentes.KCvsSTL;
				PRODUCT_NAME = "$(TARGET_NAME)";
			};
			name = Debug;
		};
		5BF5A2A71C50598B005C903D /* Release */ = {
			isa = XCBuildConfiguration;
			buildSettings = {
				ASSETCATALOG_COMPILER_APPICON_NAME = AppIcon;
				INFOPLIST_FILE = KCvsSTL/Info.plist;
				LD_RUNPATH_SEARCH_PATHS = "$(inherited) @executable_path/Frameworks";
				PRODUCT_BUNDLE_IDENTIFIER = com.OscarNieblaFuentes.KCvsSTL;
				PRODUCT_NAME = "$(TARGET_NAME)";
			};
			name = Release;
		};
/* End XCBuildConfiguration section */

/* Begin XCConfigurationList section */
		5BF5A28E1C50598B005C903D /* Build configuration list for PBXProject "KCvsSTL" */ = {
			isa = XCConfigurationList;
			buildConfigurations = (
				5BF5A2A31C50598B005C903D /* Debug */,
				5BF5A2A41C50598B005C903D /* Release */,
			);
			defaultConfigurationIsVisible = 0;
			defaultConfigurationName = Release;
		};
		5BF5A2A51C50598B005C903D /* Build configuration list for PBXNativeTarget "KCvsSTL" */ = {
			isa = XCConfigurationList;
			buildConfigurations = (
				5BF5A2A61C50598B005C903D /* Debug */,
				5BF5A2A71C50598B005C903D /* Release */,
			);
			defaultConfigurationIsVisible = 0;
			defaultConfigurationName = Release;
		};
/* End XCConfigurationList section */
	};
	rootObject = 5BF5A28B1C50598B005C903D /* Project object */;
}
